
Microsoft Visual Studio Solution File, Format Version 12.00
# Visual Studio Version 17
VisualStudioVersion = 17.5.33530.505
MinimumVisualStudioVersion = 10.0.40219.1
Project("{9A19103F-16F7-4668-BE54-9A1E7A4F7556}") = "ModLoader64", "ModLoader64.csproj", "{B3AB8B1B-EF29-4898-9AFC-577C7A6B62CE}"
EndProject
Global
	GlobalSection(SolutionConfigurationPlatforms) = preSolution
		Debug|Any CPU = Debug|Any CPU
		Release|Any CPU = Release|Any CPU
	EndGlobalSection
	GlobalSection(ProjectConfigurationPlatforms) = postSolution
		{B3AB8B1B-EF29-4898-9AFC-577C7A6B62CE}.Debug|Any CPU.ActiveCfg = Debug|Any CPU
		{B3AB8B1B-EF29-4898-9AFC-577C7A6B62CE}.Debug|Any CPU.Build.0 = Debug|Any CPU
		{B3AB8B1B-EF29-4898-9AFC-577C7A6B62CE}.Release|Any CPU.ActiveCfg = Release|Any CPU
		{B3AB8B1B-EF29-4898-9AFC-577C7A6B62CE}.Release|Any CPU.Build.0 = Release|Any CPU
	EndGlobalSection
	GlobalSection(SolutionProperties) = preSolution
		HideSolutionNode = FALSE
	EndGlobalSection
	GlobalSection(ExtensibilityGlobals) = postSolution
		SolutionGuid = {B4502E27-F55F-4B4D-A474-C62E59A9D48F}
	EndGlobalSection
EndGlobal
